<?xml version="1.0" encoding="UTF-8"?>
<CONFIG>
  <ProjectOptions>
    <Version Value="12"/>
    <General>
      <Flags>
        <MainUnitHasCreateFormStatements Value="False"/>
        <MainUnitHasTitleStatement Value="False"/>
        <MainUnitHasScaledStatement Value="False"/>
      </Flags>
      <SessionStorage Value="InProjectDir"/>
      <Title Value="adctest"/>
      <UseAppBundle Value="False"/>
      <ResourceType Value="res"/>
    </General>
    <BuildModes>
      <Item Name="ESP8266" Default="True"/>
    </BuildModes>
    <PublishOptions>
      <Version Value="2"/>
      <UseFileFilters Value="True"/>
    </PublishOptions>
    <RunParams>
      <FormatVersion Value="2"/>
    </RunParams>
    <Units>
      <Unit>
        <Filename Value="adctest.pp"/>
        <IsPartOfProject Value="True"/>
      </Unit>
    </Units>
  </ProjectOptions>
  <CompilerOptions>
    <Version Value="11"/>
    <Target>
      <Filename Value="adctest"/>
    </Target>
    <SearchPaths>
      <IncludeFiles Value="$(ProjOutDir);../../freertos-fpc;../../freertos-fpc/esp8266-idf"/>
      <Libraries Value="../../../../xtensa/xtensa-lx106-elf/xtensa-lx106-elf/sysroot/lib;../../../../xtensa/ESP8266_RTOS_SDK_V3_3/libs"/>
      <OtherUnitFiles Value="../../freertos-fpc;../../freertos-fpc/esp8266-idf"/>
      <UnitOutputDirectory Value="lib/$(TargetCPU)-$(TargetOS)"/>
    </SearchPaths>
    <Linking>
      <Debugging>
        <UseLineInfoUnit Value="False"/>
      </Debugging>
    </Linking>
    <Other>
      <WriteFPCLogo Value="False"/>
      <ConfigFile>
        <DontUseConfigFile Value="True"/>
        <CustomConfigFile Value="True"/>
        <ConfigFilePath Value="~/fpc/cc/fpc.cfg"/>
      </ConfigFile>
      <CustomOptions Value="-Tfreertos 
-Wpesp8266
-Cacall0 
-XPxtensa-lx106-elf-"/>
      <CompilerPath Value="/home/christo/fpc/cc/compiler/ppcrossxtensa"/>
    </Other>
  </CompilerOptions>
  <Debugging>
    <Exceptions>
      <Item>
        <Name Value="EAbort"/>
      </Item>
      <Item>
        <Name Value="ECodetoolError"/>
      </Item>
      <Item>
        <Name Value="EFOpenError"/>
      </Item>
    </Exceptions>
  </Debugging>
</CONFIG>
