<?xml version="1.0" encoding="UTF-8"?>
<CONFIG>
  <ProjectOptions>
    <Version Value="12"/>
    <General>
      <Flags>
        <MainUnitHasCreateFormStatements Value="False"/>
        <MainUnitHasTitleStatement Value="False"/>
        <MainUnitHasScaledStatement Value="False"/>
        <CompatibilityMode Value="True"/>
      </Flags>
      <SessionStorage Value="InProjectDir"/>
      <Title Value="BMPsensor"/>
      <UseAppBundle Value="False"/>
      <ResourceType Value="res"/>
    </General>
    <BuildModes Count="3">
      <Item1 Name="ESP32" Default="True"/>
      <Item2 Name="ESP8266">
        <CompilerOptions>
          <Version Value="11"/>
          <Target>
            <Filename Value="BMPsensor"/>
          </Target>
          <SearchPaths>
            <IncludeFiles Value="$(ProjOutDir);../../freertos-fpc;../../freertos-fpc/esp8266-idf"/>
            <Libraries Value="../../../../xtensa/ESP8266_RTOS_SDK_V3_3/libs;../../../../xtensa/xtensa-lx106-elf/xtensa-lx106-elf/sysroot/lib"/>
            <OtherUnitFiles Value="../../freertos-fpc;../../freertos-fpc/esp8266-idf;../common"/>
            <UnitOutputDirectory Value="lib/$(TargetCPU)-$(TargetOS)"/>
          </SearchPaths>
          <CodeGeneration>
            <HeapSize Value="1024"/>
          </CodeGeneration>
          <Linking>
            <Debugging>
              <DebugInfoType Value="dsDwarf3"/>
              <UseLineInfoUnit Value="False"/>
            </Debugging>
          </Linking>
          <Other>
            <ConfigFile>
              <DontUseConfigFile Value="True"/>
              <CustomConfigFile Value="True"/>
              <ConfigFilePath Value="~/fpc/3.3.1/fpc.cfg"/>
            </ConfigFile>
            <CustomOptions Value="-Tfreertos 
-Wpesp8266
-Cacall0
-XPxtensa-lx106-elf-
-Ff/home/christo/xtensa/ESP8266_RTOS_SDK_V3_3
-al"/>
            <CompilerPath Value="/home/christo/fpc/3.3.1/compiler/ppcrossxtensa"/>
          </Other>
        </CompilerOptions>
      </Item2>
      <Item3 Name="ESP8266 new">
        <CompilerOptions>
          <Version Value="11"/>
          <Target>
            <Filename Value="BMPsensor"/>
          </Target>
          <SearchPaths>
            <IncludeFiles Value="$(ProjOutDir);../../freertos-fpc;../../freertos-fpc/esp8266-idf"/>
            <OtherUnitFiles Value="../../freertos-fpc;../../freertos-fpc/esp8266-idf;../common"/>
            <UnitOutputDirectory Value="lib/$(TargetCPU)-$(TargetOS)"/>
          </SearchPaths>
          <CodeGeneration>
            <HeapSize Value="1024"/>
            <TargetProcessor Value="lx106"/>
            <TargetCPU Value="xtensa"/>
            <TargetOS Value="freertos"/>
          </CodeGeneration>
          <Linking>
            <Debugging>
              <DebugInfoType Value="dsDwarf3"/>
              <UseLineInfoUnit Value="False"/>
            </Debugging>
          </Linking>
          <Other>
            <Verbosity>
              <ShowAll Value="True"/>
            </Verbosity>
            <ConfigFile>
              <ConfigFilePath Value="~/fpc/3.3.1/fpc.cfg"/>
            </ConfigFile>
            <CustomOptions Value="-Wpesp8266"/>
            <CompilerPath Value="/home/christo/fpc/installs/lib/fpc/3.3.1/ppcrossxtensa"/>
          </Other>
        </CompilerOptions>
      </Item3>
    </BuildModes>
    <PublishOptions>
      <Version Value="2"/>
      <UseFileFilters Value="True"/>
    </PublishOptions>
    <RunParams>
      <FormatVersion Value="2"/>
    </RunParams>
    <Units Count="3">
      <Unit0>
        <Filename Value="BMPsensor.pp"/>
        <IsPartOfProject Value="True"/>
      </Unit0>
      <Unit1>
        <Filename Value="../common/i2c_obj.pas"/>
        <IsPartOfProject Value="True"/>
      </Unit1>
      <Unit2>
        <Filename Value="bmp085_180.pas"/>
        <IsPartOfProject Value="True"/>
      </Unit2>
    </Units>
  </ProjectOptions>
  <CompilerOptions>
    <Version Value="11"/>
    <Target>
      <Filename Value="BMPsensor"/>
    </Target>
    <SearchPaths>
      <IncludeFiles Value="$(ProjOutDir);../../freertos-fpc;../../freertos-fpc/esp-idf"/>
      <OtherUnitFiles Value="../../freertos-fpc;../../freertos-fpc/esp-idf;../common"/>
      <UnitOutputDirectory Value="lib/$(TargetCPU)-$(TargetOS)"/>
    </SearchPaths>
    <CodeGeneration>
      <HeapSize Value="1024"/>
      <TargetProcessor Value="lx6"/>
      <TargetCPU Value="xtensa"/>
      <TargetOS Value="freertos"/>
    </CodeGeneration>
    <Linking>
      <Debugging>
        <DebugInfoType Value="dsDwarf3"/>
        <UseLineInfoUnit Value="False"/>
      </Debugging>
    </Linking>
    <Other>
      <Verbosity>
        <ShowAll Value="True"/>
      </Verbosity>
      <ConfigFile>
        <ConfigFilePath Value="~/fpc/cc/fpc.cfg"/>
      </ConfigFile>
      <CustomOptions Value="-Wpesp32"/>
      <CompilerPath Value="/home/christo/fpc/installs/lib/fpc/3.3.1/ppcrossxtensa"/>
    </Other>
  </CompilerOptions>
  <Debugging>
    <Exceptions Count="3">
      <Item1>
        <Name Value="EAbort"/>
      </Item1>
      <Item2>
        <Name Value="ECodetoolError"/>
      </Item2>
      <Item3>
        <Name Value="EFOpenError"/>
      </Item3>
    </Exceptions>
  </Debugging>
</CONFIG>
